// !$*UTF8*$!
{
	archiveVersion = 1;
	classes = {
	};
	objectVersion = 46;
	objects = {

/* Begin PBXBuildFile section */
		503085861C95CA9800CE9746 /* main.m in Sources */ = {isa = PBXBuildFile; fileRef = 503085851C95CA9800CE9746 /* main.m */; };
		503085891C95CA9800CE9746 /* AppDelegate.m in Sources */ = {isa = PBXBuildFile; fileRef = 503085881C95CA9800CE9746 /* AppDelegate.m */; };
		5030858C1C95CA9800CE9746 /* ViewController.m in Sources */ = {isa = PBXBuildFile; fileRef = 5030858B1C95CA9800CE9746 /* ViewController.m */; };
		5030858F1C95CA9800CE9746 /* Main.storyboard in Resources */ = {isa = PBXBuildFile; fileRef = 5030858D1C95CA9800CE9746 /* Main.storyboard */; };
		503085911C95CA9800CE9746 /* Assets.xcassets in Resources */ = {isa = PBXBuildFile; fileRef = 503085901C95CA9800CE9746 /* Assets.xcassets */; };
		503085941C95CA9800CE9746 /* LaunchScreen.storyboard in Resources */ = {isa = PBXBuildFile; fileRef = 503085921C95CA9800CE9746 /* LaunchScreen.storyboard */; };
/* End PBXBuildFile section */

/* Begin PBXFileReference section */
		503085811C95CA9800CE9746 /* Localization.app */ = {isa = PBXFileReference; explicitFileType = wrapper.application; includeInIndex = 0; path = Localization.app; sourceTree = BUILT_PRODUCTS_DIR; };
		503085851C95CA9800CE9746 /* main.m */ = {isa = PBXFileReference; lastKnownFileType = sourcecode.c.objc; path = main.m; sourceTree = "<group>"; };
		503085871C95CA9800CE9746 /* AppDelegate.h */ = {isa = PBXFileReference; lastKnownFileType = sourcecode.c.h; path = AppDelegate.h; sourceTree = "<group>"; };
		503085881C95CA9800CE9746 /* AppDelegate.m */ = {isa = PBXFileReference; lastKnownFileType = sourcecode.c.objc; path = AppDelegate.m; sourceTree = "<group>"; };
		5030858A1C95CA9800CE9746 /* ViewController.h */ = {isa = PBXFileReference; lastKnownFileType = sourcecode.c.h; path = ViewController.h; sourceTree = "<group>"; };
		5030858B1C95CA9800CE9746 /* ViewController.m */ = {isa = PBXFileReference; lastKnownFileType = sourcecode.c.objc; path = ViewController.m; sourceTree = "<group>"; };
		5030858E1C95CA9800CE9746 /* Base */ = {isa = PBXFileReference; lastKnownFileType = file.storyboard; name = Base; path = Base.lproj/Main.storyboard; sourceTree = "<group>"; };
		503085901C95CA9800CE9746 /* Assets.xcassets */ = {isa = PBXFileReference; lastKnownFileType = folder.assetcatalog; path = Assets.xcassets; sourceTree = "<group>"; };
		503085931C95CA9800CE9746 /* Base */ = {isa = PBXFileReference; lastKnownFileType = file.storyboard; name = Base; path = Base.lproj/LaunchScreen.storyboard; sourceTree = "<group>"; };
		503085951C95CA9800CE9746 /* Info.plist */ = {isa = PBXFileReference; lastKnownFileType = text.plist.xml; path = Info.plist; sourceTree = "<group>"; };
/* End PBXFileReference section */

/* Begin PBXFrameworksBuildPhase section */
		5030857E1C95CA9800CE9746 /* Frameworks */ = {
			isa = PBXFrameworksBuildPhase;
			buildActionMask = 2147483647;
			files = (
			);
			runOnlyForDeploymentPostprocessing = 0;
		};
/* End PBXFrameworksBuildPhase section */

/* Begin PBXGroup section */
		503085781C95CA9800CE9746 = {
			isa = PBXGroup;
			children = (
				503085831C95CA9800CE9746 /* Localization */,
				503085821C95CA9800CE9746 /* Products */,
			);
			sourceTree = "<group>";
		};
		503085821C95CA9800CE9746 /* Products */ = {
			isa = PBXGroup;
			children = (
				503085811C95CA9800CE9746 /* Localization.app */,
			);
			name = Products;
			sourceTree = "<group>";
		};
		503085831C95CA9800CE9746 /* Localization */ = {
			isa = PBXGroup;
			children = (
				503085871C95CA9800CE9746 /* AppDelegate.h */,
				503085881C95CA9800CE9746 /* AppDelegate.m */,
				5030858A1C95CA9800CE9746 /* ViewController.h */,
				5030858B1C95CA9800CE9746 /* ViewController.m */,
				5030858D1C95CA9800CE9746 /* Main.storyboard */,
				503085901C95CA9800CE9746 /* Assets.xcassets */,
				503085921C95CA9800CE9746 /* LaunchScreen.storyboard */,
				503085951C95CA9800CE9746 /* Info.plist */,
				503085841C95CA9800CE9746 /* Supporting Files */,
			);
			path = Localization;
			sourceTree = "<group>";
		};
		503085841C95CA9800CE9746 /* Supporting Files */ = {
			isa = PBXGroup;
			children = (
				503085851C95CA9800CE9746 /* main.m */,
			);
			name = "Supporting Files";
			sourceTree = "<group>";
		};
/* End PBXGroup section */

/* Begin PBXNativeTarget section */
		503085801C95CA9800CE9746 /* Localization */ = {
			isa = PBXNativeTarget;
			buildConfigurationList = 503085981C95CA9800CE9746 /* Build configuration list for PBXNativeTarget "Localization" */;
			buildPhases = (
				5030857D1C95CA9800CE9746 /* Sources */,
				5030857E1C95CA9800CE9746 /* Frameworks */,
				5030857F1C95CA9800CE9746 /* Resources */,
			);
			buildRules = (
			);
			dependencies = (
			);
			name = Localization;
			productName = Localization;
			productReference = 503085811C95CA9800CE9746 /* Localization.app */;
			productType = "com.apple.product-type.application";
		};
/* End PBXNativeTarget section */

/* Begin PBXProject section */
		503085791C95CA9800CE9746 /* Project object */ = {
			isa = PBXProject;
			attributes = {
				LastUpgradeCheck = 0720;
				ORGANIZATIONNAME = mhk;
				TargetAttributes = {
					503085801C95CA9800CE9746 = {
						CreatedOnToolsVersion = 7.2;
					};
				};
			};
			buildConfigurationList = 5030857C1C95CA9800CE9746 /* Build configuration list for PBXProject "Localization" */;
			compatibilityVersion = "Xcode 3.2";
			developmentRegion = English;
			hasScannedForEncodings = 0;
			knownRegions = (
				en,
				Base,
			);
			mainGroup = 503085781C95CA9800CE9746;
			productRefGroup = 503085821C95CA9800CE9746 /* Products */;
			projectDirPath = "";
			projectRoot = "";
			targets = (
				503085801C95CA9800CE9746 /* Localization */,
			);
		};
/* End PBXProject section */

/* Begin PBXResourcesBuildPhase section */
		5030857F1C95CA9800CE9746 /* Resources */ = {
			isa = PBXResourcesBuildPhase;
			buildActionMask = 2147483647;
			files = (
				503085941C95CA9800CE9746 /* LaunchScreen.storyboard in Resources */,
				503085911C95CA9800CE9746 /* Assets.xcassets in Resources */,
				5030858F1C95CA9800CE9746 /* Main.storyboard in Resources */,
			);
			runOnlyForDeploymentPostprocessing = 0;
		};
/* End PBXResourcesBuildPhase section */

/* Begin PBXSourcesBuildPhase section */
		5030857D1C95CA9800CE9746 /* Sources */ = {
			isa = PBXSourcesBuildPhase;
			buildActionMask = 2147483647;
			files = (
				5030858C1C95CA9800CE9746 /* ViewController.m in Sources */,
				503085891C95CA9800CE9746 /* AppDelegate.m in Sources */,
				503085861C95CA9800CE9746 /* main.m in Sources */,
			);
			runOnlyForDeploymentPostprocessing = 0;
		};
/* End PBXSourcesBuildPhase section */

/* Begin PBXVariantGroup section */
		5030858D1C95CA9800CE9746 /* Main.storyboard */ = {
			isa = PBXVariantGroup;
			children = (
				5030858E1C95CA9800CE9746 /* Base */,
			);
			name = Main.storyboard;
			sourceTree = "<group>";
		};
		503085921C95CA9800CE9746 /* LaunchScreen.storyboard */ = {
			isa = PBXVariantGroup;
			children = (
				503085931C95CA9800CE9746 /* Base */,
			);
			name = LaunchScreen.storyboard;
			sourceTree = "<group>";
		};
/* End PBXVariantGroup section */

/* Begin XCBuildConfiguration section */
		503085961C95CA9800CE9746 /* Debug */ = {
			isa = XCBuildConfiguration;
			buildSettings = {
				ALWAYS_SEARCH_USER_PATHS = NO;
				CLANG_CXX_LANGUAGE_STANDARD = "gnu++0x";
				CLANG_CXX_LIBRARY = "libc++";
				CLANG_ENABLE_MODULES = YES;
				CLANG_ENABLE_OBJC_ARC = YES;
				CLANG_WARN_BOOL_CONVERSION = YES;
				CLANG_WARN_CONSTANT_CONVERSION = YES;
				CLANG_WARN_DIRECT_OBJC_ISA_USAGE = YES_ERROR;
				CLANG_WARN_EMPTY_BODY = YES;
				CLANG_WARN_ENUM_CONVERSION = YES;
				CLANG_WARN_INT_CONVERSION = YES;
				CLANG_WARN_OBJC_ROOT_CLASS = YES_ERROR;
				CLANG_WARN_UNREACHABLE_CODE = YES;
				CLANG_WARN__DUPLICATE_METHOD_MATCH = YES;
				"CODE_SIGN_IDENTITY[sdk=iphoneos*]" = "iPhone Developer";
				COPY_PHASE_STRIP = NO;
				DEBUG_INFORMATION_FORMAT = dwarf;
				ENABLE_STRICT_OBJC_MSGSEND = YES;
				ENABLE_TESTABILITY = YES;
				GCC_C_LANGUAGE_STANDARD = gnu99;
				GCC_DYNAMIC_NO_PIC = NO;
				GCC_NO_COMMON_BLOCKS = YES;
				GCC_OPTIMIZATION_LEVEL = 0;
				GCC_PREPROCESSOR_DEFINITIONS = (
					"DEBUG=1",
					"$(inherited)",
				);
				GCC_WARN_64_TO_32_BIT_CONVERSION = YES;
				GCC_WARN_ABOUT_RETURN_TYPE = YES_ERROR;
				GCC_WARN_UNDECLARED_SELECTOR = YES;
				GCC_WARN_UNINITIALIZED_AUTOS = YES_AGGRESSIVE;
				GCC_WARN_UNUSED_FUNCTION = YES;
				GCC_WARN_UNUSED_VARIABLE = YES;
				IPHONEOS_DEPLOYMENT_TARGET = 9.2;
				MTL_ENABLE_DEBUG_INFO = YES;
				ONLY_ACTIVE_ARCH = YES;
				SDKROOT = iphoneos;
			};
			name = Debug;
		};
		503085971C95CA9800CE9746 /* Release */ = {
			isa = XCBuildConfiguration;
			buildSettings = {
				ALWAYS_SEARCH_USER_PATHS = NO;
				CLANG_CXX_LANGUAGE_STANDARD = "gnu++0x";
				CLANG_CXX_LIBRARY = "libc++";
				CLANG_ENABLE_MODULES = YES;
				CLANG_ENABLE_OBJC_ARC = YES;
				CLANG_WARN_BOOL_CONVERSION = YES;
				CLANG_WARN_CONSTANT_CONVERSION = YES;
				CLANG_WARN_DIRECT_OBJC_ISA_USAGE = YES_ERROR;
				CLANG_WARN_EMPTY_BODY = YES;
				CLANG_WARN_ENUM_CONVERSION = YES;
				CLANG_WARN_INT_CONVERSION = YES;
				CLANG_WARN_OBJC_ROOT_CLASS = YES_ERROR;
				CLANG_WARN_UNREACHABLE_CODE = YES;
				CLANG_WARN__DUPLICATE_METHOD_MATCH = YES;
				"CODE_SIGN_IDENTITY[sdk=iphoneos*]" = "iPhone Developer";
				COPY_PHASE_STRIP = NO;
				DEBUG_INFORMATION_FORMAT = "dwarf-with-dsym";
				ENABLE_NS_ASSERTIONS = NO;
				ENABLE_STRICT_OBJC_MSGSEND = YES;
				GCC_C_LANGUAGE_STANDARD = gnu99;
				GCC_NO_COMMON_BLOCKS = YES;
				GCC_WARN_64_TO_32_BIT_CONVERSION = YES;
				GCC_WARN_ABOUT_RETURN_TYPE = YES_ERROR;
				GCC_WARN_UNDECLARED_SELECTOR = YES;
				GCC_WARN_UNINITIALIZED_AUTOS = YES_AGGRESSIVE;
				GCC_WARN_UNUSED_FUNCTION = YES;
				GCC_WARN_UNUSED_VARIABLE = YES;
				IPHONEOS_DEPLOYMENT_TARGET = 9.2;
				MTL_ENABLE_DEBUG_INFO = NO;
				SDKROOT = iphoneos;
				VALIDATE_PRODUCT = YES;
			};
			name = Release;
		};
		503085991C95CA9800CE9746 /* Debug */ = {
			isa = XCBuildConfiguration;
			buildSettings = {
				ASSETCATALOG_COMPILER_APPICON_NAME = AppIcon;
				INFOPLIST_FILE = Localization/Info.plist;
				LD_RUNPATH_SEARCH_PATHS = "$(inherited) @executable_path/Frameworks";
				PRODUCT_BUNDLE_IDENTIFIER = com.mhk.ios.Localization;
				PRODUCT_NAME = "$(TARGET_NAME)";
			};
			name = Debug;
		};
		5030859A1C95CA9800CE9746 /* Release */ = {
			isa = XCBuildConfiguration;
			buildSettings = {
				ASSETCATALOG_COMPILER_APPICON_NAME = AppIcon;
				INFOPLIST_FILE = Localization/Info.plist;
				LD_RUNPATH_SEARCH_PATHS = "$(inherited) @executable_path/Frameworks";
				PRODUCT_BUNDLE_IDENTIFIER = com.mhk.ios.Localization;
				PRODUCT_NAME = "$(TARGET_NAME)";
			};
			name = Release;
		};
/* End XCBuildConfiguration section */

/* Begin XCConfigurationList section */
		5030857C1C95CA9800CE9746 /* Build configuration list for PBXProject "Localization" */ = {
			isa = XCConfigurationList;
			buildConfigurations = (
				503085961C95CA9800CE9746 /* Debug */,
				503085971C95CA9800CE9746 /* Release */,
			);
			defaultConfigurationIsVisible = 0;
			defaultConfigurationName = Release;
		};
		503085981C95CA9800CE9746 /* Build configuration list for PBXNativeTarget "Localization" */ = {
			isa = XCConfigurationList;
			buildConfigurations = (
				503085991C95CA9800CE9746 /* Debug */,
				5030859A1C95CA9800CE9746 /* Release */,
			);
			defaultConfigurationIsVisible = 0;
		};
/* End XCConfigurationList section */
	};
	rootObject = 503085791C95CA9800CE9746 /* Project object */;
}
